
Microsoft Visual Studio Solution File, Format Version 12.00
# Visual Studio Version 17
VisualStudioVersion = 17.13.35825.156 d17.13
MinimumVisualStudioVersion = 10.0.40219.1
Project("{8BC9CEB8-8B4A-11D0-8D11-00A0C91BC942}") = "Problem 8 Digits Frequency", "Problem 8 Digits Frequency\Problem 8 Digits Frequency.vcxproj", "{01966E5D-6263-4C61-BE48-A74246337E69}"
EndProject
Global
	GlobalSection(SolutionConfigurationPlatforms) = preSolution
		Debug|x64 = Debug|x64
		Debug|x86 = Debug|x86
		Release|x64 = Release|x64
		Release|x86 = Release|x86
	EndGlobalSection
	GlobalSection(ProjectConfigurationPlatforms) = postSolution
		{01966E5D-6263-4C61-BE48-A74246337E69}.Debug|x64.ActiveCfg = Debug|x64
		{01966E5D-6263-4C61-BE48-A74246337E69}.Debug|x64.Build.0 = Debug|x64
		{01966E5D-6263-4C61-BE48-A74246337E69}.Debug|x86.ActiveCfg = Debug|Win32
		{01966E5D-6263-4C61-BE48-A74246337E69}.Debug|x86.Build.0 = Debug|Win32
		{01966E5D-6263-4C61-BE48-A74246337E69}.Release|x64.ActiveCfg = Release|x64
		{01966E5D-6263-4C61-BE48-A74246337E69}.Release|x64.Build.0 = Release|x64
		{01966E5D-6263-4C61-BE48-A74246337E69}.Release|x86.ActiveCfg = Release|Win32
		{01966E5D-6263-4C61-BE48-A74246337E69}.Release|x86.Build.0 = Release|Win32
	EndGlobalSection
	GlobalSection(SolutionProperties) = preSolution
		HideSolutionNode = FALSE
	EndGlobalSection
	GlobalSection(ExtensibilityGlobals) = postSolution
		SolutionGuid = {4CD5EBB2-84D6-40DA-A6FE-4D2DF200F5F5}
	EndGlobalSection
EndGlobal
