
Microsoft Visual Studio Solution File, Format Version 12.00
# Visual Studio Version 17
VisualStudioVersion = 17.13.35825.156 d17.13
MinimumVisualStudioVersion = 10.0.40219.1
Project("{8BC9CEB8-8B4A-11D0-8D11-00A0C91BC942}") = "Problem 5 Reverse Digits", "Problem 5 Reverse Digits\Problem 5 Reverse Digits.vcxproj", "{0E1AA692-A61A-4ABA-A425-49732C070A33}"
EndProject
Global
	GlobalSection(SolutionConfigurationPlatforms) = preSolution
		Debug|x64 = Debug|x64
		Debug|x86 = Debug|x86
		Release|x64 = Release|x64
		Release|x86 = Release|x86
	EndGlobalSection
	GlobalSection(ProjectConfigurationPlatforms) = postSolution
		{0E1AA692-A61A-4ABA-A425-49732C070A33}.Debug|x64.ActiveCfg = Debug|x64
		{0E1AA692-A61A-4ABA-A425-49732C070A33}.Debug|x64.Build.0 = Debug|x64
		{0E1AA692-A61A-4ABA-A425-49732C070A33}.Debug|x86.ActiveCfg = Debug|Win32
		{0E1AA692-A61A-4ABA-A425-49732C070A33}.Debug|x86.Build.0 = Debug|Win32
		{0E1AA692-A61A-4ABA-A425-49732C070A33}.Release|x64.ActiveCfg = Release|x64
		{0E1AA692-A61A-4ABA-A425-49732C070A33}.Release|x64.Build.0 = Release|x64
		{0E1AA692-A61A-4ABA-A425-49732C070A33}.Release|x86.ActiveCfg = Release|Win32
		{0E1AA692-A61A-4ABA-A425-49732C070A33}.Release|x86.Build.0 = Release|Win32
	EndGlobalSection
	GlobalSection(SolutionProperties) = preSolution
		HideSolutionNode = FALSE
	EndGlobalSection
	GlobalSection(ExtensibilityGlobals) = postSolution
		SolutionGuid = {E0977C87-2998-4678-9C85-7FB6434B8512}
	EndGlobalSection
EndGlobal
